// !$*UTF8*$!
{
	archiveVersion = 1;
	classes = {
	};
	objectVersion = 55;
	objects = {

/* Begin PBXBuildFile section */
		90110476272D26AF00B4E94B /* userXperienceApp.swift in Sources */ = {isa = PBXBuildFile; fileRef = 90110475272D26AF00B4E94B /* userXperienceApp.swift */; };
		90110478272D26AF00B4E94B /* ContentView.swift in Sources */ = {isa = PBXBuildFile; fileRef = 90110477272D26AF00B4E94B /* ContentView.swift */; };
		9011047A272D26B100B4E94B /* Assets.xcassets in Resources */ = {isa = PBXBuildFile; fileRef = 90110479272D26B100B4E94B /* Assets.xcassets */; };
		9011047D272D26B100B4E94B /* Preview Assets.xcassets in Resources */ = {isa = PBXBuildFile; fileRef = 9011047C272D26B100B4E94B /* Preview Assets.xcassets */; };
		90110484272D351700B4E94B /* HomeView.swift in Sources */ = {isa = PBXBuildFile; fileRef = 90110483272D351700B4E94B /* HomeView.swift */; };
		90110486272D361700B4E94B /* Poppins-Regular.ttf in Resources */ = {isa = PBXBuildFile; fileRef = 90110485272D361700B4E94B /* Poppins-Regular.ttf */; };
		90110489272D378A00B4E94B /* SwiftUIX in Frameworks */ = {isa = PBXBuildFile; productRef = 90110488272D378A00B4E94B /* SwiftUIX */; };
		9011048D272D38E000B4E94B /* Poppins-Bold.ttf in Resources */ = {isa = PBXBuildFile; fileRef = 9011048B272D38DF00B4E94B /* Poppins-Bold.ttf */; };
		9011048E272D38E000B4E94B /* Poppins-SemiBold.ttf in Resources */ = {isa = PBXBuildFile; fileRef = 9011048C272D38DF00B4E94B /* Poppins-SemiBold.ttf */; };
		90110490272D40CC00B4E94B /* TeamView.swift in Sources */ = {isa = PBXBuildFile; fileRef = 9011048F272D40CB00B4E94B /* TeamView.swift */; };
		90110492272D4A1C00B4E94B /* CardView.swift in Sources */ = {isa = PBXBuildFile; fileRef = 90110491272D4A1C00B4E94B /* CardView.swift */; };
/* End PBXBuildFile section */

/* Begin PBXFileReference section */
		90110472272D26AF00B4E94B /* userXperience.app */ = {isa = PBXFileReference; explicitFileType = wrapper.application; includeInIndex = 0; path = userXperience.app; sourceTree = BUILT_PRODUCTS_DIR; };
		90110475272D26AF00B4E94B /* userXperienceApp.swift */ = {isa = PBXFileReference; lastKnownFileType = sourcecode.swift; path = userXperienceApp.swift; sourceTree = "<group>"; };
		90110477272D26AF00B4E94B /* ContentView.swift */ = {isa = PBXFileReference; lastKnownFileType = sourcecode.swift; path = ContentView.swift; sourceTree = "<group>"; };
		90110479272D26B100B4E94B /* Assets.xcassets */ = {isa = PBXFileReference; lastKnownFileType = folder.assetcatalog; path = Assets.xcassets; sourceTree = "<group>"; };
		9011047C272D26B100B4E94B /* Preview Assets.xcassets */ = {isa = PBXFileReference; lastKnownFileType = folder.assetcatalog; path = "Preview Assets.xcassets"; sourceTree = "<group>"; };
		90110483272D351700B4E94B /* HomeView.swift */ = {isa = PBXFileReference; lastKnownFileType = sourcecode.swift; path = HomeView.swift; sourceTree = "<group>"; };
		90110485272D361700B4E94B /* Poppins-Regular.ttf */ = {isa = PBXFileReference; lastKnownFileType = file; path = "Poppins-Regular.ttf"; sourceTree = "<group>"; };
		9011048A272D383A00B4E94B /* Info.plist */ = {isa = PBXFileReference; lastKnownFileType = text.plist; path = Info.plist; sourceTree = "<group>"; };
		9011048B272D38DF00B4E94B /* Poppins-Bold.ttf */ = {isa = PBXFileReference; lastKnownFileType = file; path = "Poppins-Bold.ttf"; sourceTree = "<group>"; };
		9011048C272D38DF00B4E94B /* Poppins-SemiBold.ttf */ = {isa = PBXFileReference; lastKnownFileType = file; path = "Poppins-SemiBold.ttf"; sourceTree = "<group>"; };
		9011048F272D40CB00B4E94B /* TeamView.swift */ = {isa = PBXFileReference; lastKnownFileType = sourcecode.swift; path = TeamView.swift; sourceTree = "<group>"; };
		90110491272D4A1C00B4E94B /* CardView.swift */ = {isa = PBXFileReference; lastKnownFileType = sourcecode.swift; path = CardView.swift; sourceTree = "<group>"; };
/* End PBXFileReference section */

/* Begin PBXFrameworksBuildPhase section */
		9011046F272D26AF00B4E94B /* Frameworks */ = {
			isa = PBXFrameworksBuildPhase;
			buildActionMask = 2147483647;
			files = (
				90110489272D378A00B4E94B /* SwiftUIX in Frameworks */,
			);
			runOnlyForDeploymentPostprocessing = 0;
		};
/* End PBXFrameworksBuildPhase section */

/* Begin PBXGroup section */
		90110469272D26AE00B4E94B = {
			isa = PBXGroup;
			children = (
				90110474272D26AF00B4E94B /* userXperience */,
				90110473272D26AF00B4E94B /* Products */,
			);
			sourceTree = "<group>";
		};
		90110473272D26AF00B4E94B /* Products */ = {
			isa = PBXGroup;
			children = (
				90110472272D26AF00B4E94B /* userXperience.app */,
			);
			name = Products;
			sourceTree = "<group>";
		};
		90110474272D26AF00B4E94B /* userXperience */ = {
			isa = PBXGroup;
			children = (
				9011048A272D383A00B4E94B /* Info.plist */,
				90110475272D26AF00B4E94B /* userXperienceApp.swift */,
				90110477272D26AF00B4E94B /* ContentView.swift */,
				90110485272D361700B4E94B /* Poppins-Regular.ttf */,
				9011048B272D38DF00B4E94B /* Poppins-Bold.ttf */,
				9011048C272D38DF00B4E94B /* Poppins-SemiBold.ttf */,
				90110479272D26B100B4E94B /* Assets.xcassets */,
				9011047B272D26B100B4E94B /* Preview Content */,
				90110483272D351700B4E94B /* HomeView.swift */,
				90110491272D4A1C00B4E94B /* CardView.swift */,
				9011048F272D40CB00B4E94B /* TeamView.swift */,
			);
			path = userXperience;
			sourceTree = "<group>";
		};
		9011047B272D26B100B4E94B /* Preview Content */ = {
			isa = PBXGroup;
			children = (
				9011047C272D26B100B4E94B /* Preview Assets.xcassets */,
			);
			path = "Preview Content";
			sourceTree = "<group>";
		};
/* End PBXGroup section */

/* Begin PBXNativeTarget section */
		90110471272D26AF00B4E94B /* userXperience */ = {
			isa = PBXNativeTarget;
			buildConfigurationList = 90110480272D26B100B4E94B /* Build configuration list for PBXNativeTarget "userXperience" */;
			buildPhases = (
				9011046E272D26AF00B4E94B /* Sources */,
				9011046F272D26AF00B4E94B /* Frameworks */,
				90110470272D26AF00B4E94B /* Resources */,
			);
			buildRules = (
			);
			dependencies = (
			);
			name = userXperience;
			packageProductDependencies = (
				90110488272D378A00B4E94B /* SwiftUIX */,
			);
			productName = userXperience;
			productReference = 90110472272D26AF00B4E94B /* userXperience.app */;
			productType = "com.apple.product-type.application";
		};
/* End PBXNativeTarget section */

/* Begin PBXProject section */
		9011046A272D26AE00B4E94B /* Project object */ = {
			isa = PBXProject;
			attributes = {
				BuildIndependentTargetsInParallel = 1;
				LastSwiftUpdateCheck = 1300;
				LastUpgradeCheck = 1300;
				TargetAttributes = {
					90110471272D26AF00B4E94B = {
						CreatedOnToolsVersion = 13.0;
					};
				};
			};
			buildConfigurationList = 9011046D272D26AE00B4E94B /* Build configuration list for PBXProject "userXperience" */;
			compatibilityVersion = "Xcode 13.0";
			developmentRegion = en;
			hasScannedForEncodings = 0;
			knownRegions = (
				en,
				Base,
			);
			mainGroup = 90110469272D26AE00B4E94B;
			packageReferences = (
				90110487272D378A00B4E94B /* XCRemoteSwiftPackageReference "SwiftUIX" */,
			);
			productRefGroup = 90110473272D26AF00B4E94B /* Products */;
			projectDirPath = "";
			projectRoot = "";
			targets = (
				90110471272D26AF00B4E94B /* userXperience */,
			);
		};
/* End PBXProject section */

/* Begin PBXResourcesBuildPhase section */
		90110470272D26AF00B4E94B /* Resources */ = {
			isa = PBXResourcesBuildPhase;
			buildActionMask = 2147483647;
			files = (
				9011048E272D38E000B4E94B /* Poppins-SemiBold.ttf in Resources */,
				90110486272D361700B4E94B /* Poppins-Regular.ttf in Resources */,
				9011047D272D26B100B4E94B /* Preview Assets.xcassets in Resources */,
				9011047A272D26B100B4E94B /* Assets.xcassets in Resources */,
				9011048D272D38E000B4E94B /* Poppins-Bold.ttf in Resources */,
			);
			runOnlyForDeploymentPostprocessing = 0;
		};
/* End PBXResourcesBuildPhase section */

/* Begin PBXSourcesBuildPhase section */
		9011046E272D26AF00B4E94B /* Sources */ = {
			isa = PBXSourcesBuildPhase;
			buildActionMask = 2147483647;
			files = (
				90110484272D351700B4E94B /* HomeView.swift in Sources */,
				90110478272D26AF00B4E94B /* ContentView.swift in Sources */,
				90110476272D26AF00B4E94B /* userXperienceApp.swift in Sources */,
				90110490272D40CC00B4E94B /* TeamView.swift in Sources */,
				90110492272D4A1C00B4E94B /* CardView.swift in Sources */,
			);
			runOnlyForDeploymentPostprocessing = 0;
		};
/* End PBXSourcesBuildPhase section */

/* Begin XCBuildConfiguration section */
		9011047E272D26B100B4E94B /* Debug */ = {
			isa = XCBuildConfiguration;
			buildSettings = {
				ALWAYS_SEARCH_USER_PATHS = NO;
				CLANG_ANALYZER_NONNULL = YES;
				CLANG_ANALYZER_NUMBER_OBJECT_CONVERSION = YES_AGGRESSIVE;
				CLANG_CXX_LANGUAGE_STANDARD = "gnu++17";
				CLANG_CXX_LIBRARY = "libc++";
				CLANG_ENABLE_MODULES = YES;
				CLANG_ENABLE_OBJC_ARC = YES;
				CLANG_ENABLE_OBJC_WEAK = YES;
				CLANG_WARN_BLOCK_CAPTURE_AUTORELEASING = YES;
				CLANG_WARN_BOOL_CONVERSION = YES;
				CLANG_WARN_COMMA = YES;
				CLANG_WARN_CONSTANT_CONVERSION = YES;
				CLANG_WARN_DEPRECATED_OBJC_IMPLEMENTATIONS = YES;
				CLANG_WARN_DIRECT_OBJC_ISA_USAGE = YES_ERROR;
				CLANG_WARN_DOCUMENTATION_COMMENTS = YES;
				CLANG_WARN_EMPTY_BODY = YES;
				CLANG_WARN_ENUM_CONVERSION = YES;
				CLANG_WARN_INFINITE_RECURSION = YES;
				CLANG_WARN_INT_CONVERSION = YES;
				CLANG_WARN_NON_LITERAL_NULL_CONVERSION = YES;
				CLANG_WARN_OBJC_IMPLICIT_RETAIN_SELF = YES;
				CLANG_WARN_OBJC_LITERAL_CONVERSION = YES;
				CLANG_WARN_OBJC_ROOT_CLASS = YES_ERROR;
				CLANG_WARN_QUOTED_INCLUDE_IN_FRAMEWORK_HEADER = YES;
				CLANG_WARN_RANGE_LOOP_ANALYSIS = YES;
				CLANG_WARN_STRICT_PROTOTYPES = YES;
				CLANG_WARN_SUSPICIOUS_MOVE = YES;
				CLANG_WARN_UNGUARDED_AVAILABILITY = YES_AGGRESSIVE;
				CLANG_WARN_UNREACHABLE_CODE = YES;
				CLANG_WARN__DUPLICATE_METHOD_MATCH = YES;
				COPY_PHASE_STRIP = NO;
				DEBUG_INFORMATION_FORMAT = dwarf;
				ENABLE_STRICT_OBJC_MSGSEND = YES;
				ENABLE_TESTABILITY = YES;
				GCC_C_LANGUAGE_STANDARD = gnu11;
				GCC_DYNAMIC_NO_PIC = NO;
				GCC_NO_COMMON_BLOCKS = YES;
				GCC_OPTIMIZATION_LEVEL = 0;
				GCC_PREPROCESSOR_DEFINITIONS = (
					"DEBUG=1",
					"$(inherited)",
				);
				GCC_WARN_64_TO_32_BIT_CONVERSION = YES;
				GCC_WARN_ABOUT_RETURN_TYPE = YES_ERROR;
				GCC_WARN_UNDECLARED_SELECTOR = YES;
				GCC_WARN_UNINITIALIZED_AUTOS = YES_AGGRESSIVE;
				GCC_WARN_UNUSED_FUNCTION = YES;
				GCC_WARN_UNUSED_VARIABLE = YES;
				IPHONEOS_DEPLOYMENT_TARGET = 15.0;
				MTL_ENABLE_DEBUG_INFO = INCLUDE_SOURCE;
				MTL_FAST_MATH = YES;
				ONLY_ACTIVE_ARCH = YES;
				SDKROOT = iphoneos;
				SWIFT_ACTIVE_COMPILATION_CONDITIONS = DEBUG;
				SWIFT_OPTIMIZATION_LEVEL = "-Onone";
			};
			name = Debug;
		};
		9011047F272D26B100B4E94B /* Release */ = {
			isa = XCBuildConfiguration;
			buildSettings = {
				ALWAYS_SEARCH_USER_PATHS = NO;
				CLANG_ANALYZER_NONNULL = YES;
				CLANG_ANALYZER_NUMBER_OBJECT_CONVERSION = YES_AGGRESSIVE;
				CLANG_CXX_LANGUAGE_STANDARD = "gnu++17";
				CLANG_CXX_LIBRARY = "libc++";
				CLANG_ENABLE_MODULES = YES;
				CLANG_ENABLE_OBJC_ARC = YES;
				CLANG_ENABLE_OBJC_WEAK = YES;
				CLANG_WARN_BLOCK_CAPTURE_AUTORELEASING = YES;
				CLANG_WARN_BOOL_CONVERSION = YES;
				CLANG_WARN_COMMA = YES;
				CLANG_WARN_CONSTANT_CONVERSION = YES;
				CLANG_WARN_DEPRECATED_OBJC_IMPLEMENTATIONS = YES;
				CLANG_WARN_DIRECT_OBJC_ISA_USAGE = YES_ERROR;
				CLANG_WARN_DOCUMENTATION_COMMENTS = YES;
				CLANG_WARN_EMPTY_BODY = YES;
				CLANG_WARN_ENUM_CONVERSION = YES;
				CLANG_WARN_INFINITE_RECURSION = YES;
				CLANG_WARN_INT_CONVERSION = YES;
				CLANG_WARN_NON_LITERAL_NULL_CONVERSION = YES;
				CLANG_WARN_OBJC_IMPLICIT_RETAIN_SELF = YES;
				CLANG_WARN_OBJC_LITERAL_CONVERSION = YES;
				CLANG_WARN_OBJC_ROOT_CLASS = YES_ERROR;
				CLANG_WARN_QUOTED_INCLUDE_IN_FRAMEWORK_HEADER = YES;
				CLANG_WARN_RANGE_LOOP_ANALYSIS = YES;
				CLANG_WARN_STRICT_PROTOTYPES = YES;
				CLANG_WARN_SUSPICIOUS_MOVE = YES;
				CLANG_WARN_UNGUARDED_AVAILABILITY = YES_AGGRESSIVE;
				CLANG_WARN_UNREACHABLE_CODE = YES;
				CLANG_WARN__DUPLICATE_METHOD_MATCH = YES;
				COPY_PHASE_STRIP = NO;
				DEBUG_INFORMATION_FORMAT = "dwarf-with-dsym";
				ENABLE_NS_ASSERTIONS = NO;
				ENABLE_STRICT_OBJC_MSGSEND = YES;
				GCC_C_LANGUAGE_STANDARD = gnu11;
				GCC_NO_COMMON_BLOCKS = YES;
				GCC_WARN_64_TO_32_BIT_CONVERSION = YES;
				GCC_WARN_ABOUT_RETURN_TYPE = YES_ERROR;
				GCC_WARN_UNDECLARED_SELECTOR = YES;
				GCC_WARN_UNINITIALIZED_AUTOS = YES_AGGRESSIVE;
				GCC_WARN_UNUSED_FUNCTION = YES;
				GCC_WARN_UNUSED_VARIABLE = YES;
				IPHONEOS_DEPLOYMENT_TARGET = 15.0;
				MTL_ENABLE_DEBUG_INFO = NO;
				MTL_FAST_MATH = YES;
				SDKROOT = iphoneos;
				SWIFT_COMPILATION_MODE = wholemodule;
				SWIFT_OPTIMIZATION_LEVEL = "-O";
				VALIDATE_PRODUCT = YES;
			};
			name = Release;
		};
		90110481272D26B100B4E94B /* Debug */ = {
			isa = XCBuildConfiguration;
			buildSettings = {
				ASSETCATALOG_COMPILER_APPICON_NAME = AppIcon;
				ASSETCATALOG_COMPILER_GLOBAL_ACCENT_COLOR_NAME = AccentColor;
				CODE_SIGN_STYLE = Automatic;
				CURRENT_PROJECT_VERSION = 1;
				DEVELOPMENT_ASSET_PATHS = "\"userXperience/Preview Content\"";
				DEVELOPMENT_TEAM = 69BJ92SHBQ;
				ENABLE_PREVIEWS = YES;
				GENERATE_INFOPLIST_FILE = YES;
				INFOPLIST_FILE = userXperience/Info.plist;
				INFOPLIST_KEY_UIApplicationSceneManifest_Generation = YES;
				INFOPLIST_KEY_UIApplicationSupportsIndirectInputEvents = YES;
				INFOPLIST_KEY_UILaunchScreen_Generation = YES;
				INFOPLIST_KEY_UISupportedInterfaceOrientations_iPad = "UIInterfaceOrientationPortrait UIInterfaceOrientationPortraitUpsideDown UIInterfaceOrientationLandscapeLeft UIInterfaceOrientationLandscapeRight";
				INFOPLIST_KEY_UISupportedInterfaceOrientations_iPhone = "UIInterfaceOrientationPortrait UIInterfaceOrientationLandscapeLeft UIInterfaceOrientationLandscapeRight";
				INFOPLIST_KEY_UIUserInterfaceStyle = Light;
				IPHONEOS_DEPLOYMENT_TARGET = 15.0;
				LD_RUNPATH_SEARCH_PATHS = (
					"$(inherited)",
					"@executable_path/Frameworks",
				);
				MARKETING_VERSION = 1.0;
				PRODUCT_BUNDLE_IDENTIFIER = mathis.userXperience;
				PRODUCT_NAME = "$(TARGET_NAME)";
				SWIFT_EMIT_LOC_STRINGS = YES;
				SWIFT_VERSION = 5.0;
				TARGETED_DEVICE_FAMILY = 1;
			};
			name = Debug;
		};
		90110482272D26B100B4E94B /* Release */ = {
			isa = XCBuildConfiguration;
			buildSettings = {
				ASSETCATALOG_COMPILER_APPICON_NAME = AppIcon;
				ASSETCATALOG_COMPILER_GLOBAL_ACCENT_COLOR_NAME = AccentColor;
				CODE_SIGN_STYLE = Automatic;
				CURRENT_PROJECT_VERSION = 1;
				DEVELOPMENT_ASSET_PATHS = "\"userXperience/Preview Content\"";
				DEVELOPMENT_TEAM = 69BJ92SHBQ;
				ENABLE_PREVIEWS = YES;
				GENERATE_INFOPLIST_FILE = YES;
				INFOPLIST_FILE = userXperience/Info.plist;
				INFOPLIST_KEY_UIApplicationSceneManifest_Generation = YES;
				INFOPLIST_KEY_UIApplicationSupportsIndirectInputEvents = YES;
				INFOPLIST_KEY_UILaunchScreen_Generation = YES;
				INFOPLIST_KEY_UISupportedInterfaceOrientations_iPad = "UIInterfaceOrientationPortrait UIInterfaceOrientationPortraitUpsideDown UIInterfaceOrientationLandscapeLeft UIInterfaceOrientationLandscapeRight";
				INFOPLIST_KEY_UISupportedInterfaceOrientations_iPhone = "UIInterfaceOrientationPortrait UIInterfaceOrientationLandscapeLeft UIInterfaceOrientationLandscapeRight";
				INFOPLIST_KEY_UIUserInterfaceStyle = Light;
				IPHONEOS_DEPLOYMENT_TARGET = 15.0;
				LD_RUNPATH_SEARCH_PATHS = (
					"$(inherited)",
					"@executable_path/Frameworks",
				);
				MARKETING_VERSION = 1.0;
				PRODUCT_BUNDLE_IDENTIFIER = mathis.userXperience;
				PRODUCT_NAME = "$(TARGET_NAME)";
				SWIFT_EMIT_LOC_STRINGS = YES;
				SWIFT_VERSION = 5.0;
				TARGETED_DEVICE_FAMILY = 1;
			};
			name = Release;
		};
/* End XCBuildConfiguration section */

/* Begin XCConfigurationList section */
		9011046D272D26AE00B4E94B /* Build configuration list for PBXProject "userXperience" */ = {
			isa = XCConfigurationList;
			buildConfigurations = (
				9011047E272D26B100B4E94B /* Debug */,
				9011047F272D26B100B4E94B /* Release */,
			);
			defaultConfigurationIsVisible = 0;
			defaultConfigurationName = Release;
		};
		90110480272D26B100B4E94B /* Build configuration list for PBXNativeTarget "userXperience" */ = {
			isa = XCConfigurationList;
			buildConfigurations = (
				90110481272D26B100B4E94B /* Debug */,
				90110482272D26B100B4E94B /* Release */,
			);
			defaultConfigurationIsVisible = 0;
			defaultConfigurationName = Release;
		};
/* End XCConfigurationList section */

/* Begin XCRemoteSwiftPackageReference section */
		90110487272D378A00B4E94B /* XCRemoteSwiftPackageReference "SwiftUIX" */ = {
			isa = XCRemoteSwiftPackageReference;
			repositoryURL = "https://github.com/SwiftUIX/SwiftUIX";
			requirement = {
				kind = upToNextMajorVersion;
				minimumVersion = 0.1.0;
			};
		};
/* End XCRemoteSwiftPackageReference section */

/* Begin XCSwiftPackageProductDependency section */
		90110488272D378A00B4E94B /* SwiftUIX */ = {
			isa = XCSwiftPackageProductDependency;
			package = 90110487272D378A00B4E94B /* XCRemoteSwiftPackageReference "SwiftUIX" */;
			productName = SwiftUIX;
		};
/* End XCSwiftPackageProductDependency section */
	};
	rootObject = 9011046A272D26AE00B4E94B /* Project object */;
}
